
Microsoft Visual Studio Solution File, Format Version 12.00
# Visual Studio 14
VisualStudioVersion = 14.0.24720.0
MinimumVisualStudioVersion = 10.0.40219.1
Project("{2150E333-8FDC-42A3-9474-1A3956D46DE8}") = ".nuget", ".nuget", "{E1C7640E-6E4A-4B77-A303-619F1ECBB757}"
	ProjectSection(SolutionItems) = preProject
		.nuget\NuGet.Config = .nuget\NuGet.Config
		.nuget\NuGet.exe = .nuget\NuGet.exe
		.nuget\NuGet.targets = .nuget\NuGet.targets
	EndProjectSection
EndProject
Project("{CC5FD16D-436D-48AD-A40C-5A424C6E3E79}") = "PhotoUploader", "PhotoUploader\PhotoUploader.ccproj", "{A3CFA34E-64F9-4438-ACB9-0FE9366576E1}"
EndProject
Project("{FAE04EC0-301F-11D3-BF4B-00C04F79EFBC}") = "PhotoUploader_WebRole", "PhotoUploader_WebRole\PhotoUploader_WebRole.csproj", "{69362175-7D89-4863-8DDC-EA8582991620}"
EndProject
Project("{FAE04EC0-301F-11D3-BF4B-00C04F79EFBC}") = "QueueProcessor_WorkerRole", "QueueProcessor_WorkerRole\QueueProcessor_WorkerRole.csproj", "{053AEC09-44D6-4FA4-A393-3453B73410F3}"
EndProject
Global
	GlobalSection(SolutionConfigurationPlatforms) = preSolution
		Debug|Any CPU = Debug|Any CPU
		Release|Any CPU = Release|Any CPU
	EndGlobalSection
	GlobalSection(ProjectConfigurationPlatforms) = postSolution
		{A3CFA34E-64F9-4438-ACB9-0FE9366576E1}.Debug|Any CPU.ActiveCfg = Debug|Any CPU
		{A3CFA34E-64F9-4438-ACB9-0FE9366576E1}.Debug|Any CPU.Build.0 = Debug|Any CPU
		{A3CFA34E-64F9-4438-ACB9-0FE9366576E1}.Release|Any CPU.ActiveCfg = Release|Any CPU
		{A3CFA34E-64F9-4438-ACB9-0FE9366576E1}.Release|Any CPU.Build.0 = Release|Any CPU
		{69362175-7D89-4863-8DDC-EA8582991620}.Debug|Any CPU.ActiveCfg = Debug|Any CPU
		{69362175-7D89-4863-8DDC-EA8582991620}.Debug|Any CPU.Build.0 = Debug|Any CPU
		{69362175-7D89-4863-8DDC-EA8582991620}.Release|Any CPU.ActiveCfg = Release|Any CPU
		{69362175-7D89-4863-8DDC-EA8582991620}.Release|Any CPU.Build.0 = Release|Any CPU
		{053AEC09-44D6-4FA4-A393-3453B73410F3}.Debug|Any CPU.ActiveCfg = Debug|Any CPU
		{053AEC09-44D6-4FA4-A393-3453B73410F3}.Debug|Any CPU.Build.0 = Debug|Any CPU
		{053AEC09-44D6-4FA4-A393-3453B73410F3}.Release|Any CPU.ActiveCfg = Release|Any CPU
		{053AEC09-44D6-4FA4-A393-3453B73410F3}.Release|Any CPU.Build.0 = Release|Any CPU
	EndGlobalSection
	GlobalSection(SolutionProperties) = preSolution
		HideSolutionNode = FALSE
	EndGlobalSection
EndGlobal
