
Microsoft Visual Studio Solution File, Format Version 12.00
# Visual Studio 2013
VisualStudioVersion = 12.0.31101.0
MinimumVisualStudioVersion = 10.0.40219.1
Project("{FAE04EC0-301F-11D3-BF4B-00C04F79EFBC}") = "WebApp_DocumentDB", "WebApp_DocumentDB\WebApp_DocumentDB.csproj", "{F72783AB-A042-4500-B4A6-297B9C7A01BE}"
EndProject
Global
	GlobalSection(SolutionConfigurationPlatforms) = preSolution
		Debug|Any CPU = Debug|Any CPU
		Release|Any CPU = Release|Any CPU
	EndGlobalSection
	GlobalSection(ProjectConfigurationPlatforms) = postSolution
		{F72783AB-A042-4500-B4A6-297B9C7A01BE}.Debug|Any CPU.ActiveCfg = Debug|Any CPU
		{F72783AB-A042-4500-B4A6-297B9C7A01BE}.Debug|Any CPU.Build.0 = Debug|Any CPU
		{F72783AB-A042-4500-B4A6-297B9C7A01BE}.Release|Any CPU.ActiveCfg = Release|Any CPU
		{F72783AB-A042-4500-B4A6-297B9C7A01BE}.Release|Any CPU.Build.0 = Release|Any CPU
	EndGlobalSection
	GlobalSection(SolutionProperties) = preSolution
		HideSolutionNode = FALSE
	EndGlobalSection
EndGlobal
